
Microsoft Visual Studio Solution File, Format Version 11.00
# Visual Studio 2010
Project("{FAE04EC0-301F-11D3-BF4B-00C04F79EFBC}") = "AlienatedFinal", "Assembly-CSharp.csproj", "{74BA614A-5B9A-EA73-C666-ECA43916035C}"
EndProject
Project("{FAE04EC0-301F-11D3-BF4B-00C04F79EFBC}") = "AlienatedFinal", "Assembly-CSharp-Editor.csproj", "{4213E964-3115-AFB2-0AD1-7DD0BBBD8A84}"
EndProject
Global
	GlobalSection(SolutionConfigurationPlatforms) = preSolution
		Debug|Any CPU = Debug|Any CPU
		Release|Any CPU = Release|Any CPU
	EndGlobalSection
	GlobalSection(ProjectConfigurationPlatforms) = postSolution
		{74BA614A-5B9A-EA73-C666-ECA43916035C}.Debug|Any CPU.ActiveCfg = Debug|Any CPU
		{74BA614A-5B9A-EA73-C666-ECA43916035C}.Debug|Any CPU.Build.0 = Debug|Any CPU
		{74BA614A-5B9A-EA73-C666-ECA43916035C}.Release|Any CPU.ActiveCfg = Release|Any CPU
		{74BA614A-5B9A-EA73-C666-ECA43916035C}.Release|Any CPU.Build.0 = Release|Any CPU
		{4213E964-3115-AFB2-0AD1-7DD0BBBD8A84}.Debug|Any CPU.ActiveCfg = Debug|Any CPU
		{4213E964-3115-AFB2-0AD1-7DD0BBBD8A84}.Debug|Any CPU.Build.0 = Debug|Any CPU
		{4213E964-3115-AFB2-0AD1-7DD0BBBD8A84}.Release|Any CPU.ActiveCfg = Release|Any CPU
		{4213E964-3115-AFB2-0AD1-7DD0BBBD8A84}.Release|Any CPU.Build.0 = Release|Any CPU
	EndGlobalSection
	GlobalSection(SolutionProperties) = preSolution
		HideSolutionNode = FALSE
	EndGlobalSection
	GlobalSection(MonoDevelopProperties) = preSolution
		StartupItem = Assembly-CSharp.csproj
	EndGlobalSection
EndGlobal
